// !$*UTF8*$!
{
	archiveVersion = 1;
	classes = {
	};
	objectVersion = 50;
	objects = {

/* Begin PBXBuildFile section */
		ABBAB7A425DBA7CE00C171F8 /* HackerNewsApp.swift in Sources */ = {isa = PBXBuildFile; fileRef = ABBAB7A325DBA7CE00C171F8 /* HackerNewsApp.swift */; };
		ABBAB7A625DBA7CE00C171F8 /* ContentView.swift in Sources */ = {isa = PBXBuildFile; fileRef = ABBAB7A525DBA7CE00C171F8 /* ContentView.swift */; };
		ABBAB7A825DBA7CF00C171F8 /* Assets.xcassets in Resources */ = {isa = PBXBuildFile; fileRef = ABBAB7A725DBA7CF00C171F8 /* Assets.xcassets */; };
		ABBAB7AB25DBA7CF00C171F8 /* Preview Assets.xcassets in Resources */ = {isa = PBXBuildFile; fileRef = ABBAB7AA25DBA7CF00C171F8 /* Preview Assets.xcassets */; };
		ABBAB7B625DBA7CF00C171F8 /* HackerNewsTests.swift in Sources */ = {isa = PBXBuildFile; fileRef = ABBAB7B525DBA7CF00C171F8 /* HackerNewsTests.swift */; };
		ABBAB7C125DBA7CF00C171F8 /* HackerNewsUITests.swift in Sources */ = {isa = PBXBuildFile; fileRef = ABBAB7C025DBA7CF00C171F8 /* HackerNewsUITests.swift */; };
/* End PBXBuildFile section */

/* Begin PBXContainerItemProxy section */
		ABBAB7B225DBA7CF00C171F8 /* PBXContainerItemProxy */ = {
			isa = PBXContainerItemProxy;
			containerPortal = ABBAB79825DBA7CE00C171F8 /* Project object */;
			proxyType = 1;
			remoteGlobalIDString = ABBAB79F25DBA7CE00C171F8;
			remoteInfo = HackerNews;
		};
		ABBAB7BD25DBA7CF00C171F8 /* PBXContainerItemProxy */ = {
			isa = PBXContainerItemProxy;
			containerPortal = ABBAB79825DBA7CE00C171F8 /* Project object */;
			proxyType = 1;
			remoteGlobalIDString = ABBAB79F25DBA7CE00C171F8;
			remoteInfo = HackerNews;
		};
/* End PBXContainerItemProxy section */

/* Begin PBXFileReference section */
		ABBAB7A025DBA7CE00C171F8 /* HackerNews.app */ = {isa = PBXFileReference; explicitFileType = wrapper.application; includeInIndex = 0; path = HackerNews.app; sourceTree = BUILT_PRODUCTS_DIR; };
		ABBAB7A325DBA7CE00C171F8 /* HackerNewsApp.swift */ = {isa = PBXFileReference; lastKnownFileType = sourcecode.swift; path = HackerNewsApp.swift; sourceTree = "<group>"; };
		ABBAB7A525DBA7CE00C171F8 /* ContentView.swift */ = {isa = PBXFileReference; lastKnownFileType = sourcecode.swift; path = ContentView.swift; sourceTree = "<group>"; };
		ABBAB7A725DBA7CF00C171F8 /* Assets.xcassets */ = {isa = PBXFileReference; lastKnownFileType = folder.assetcatalog; path = Assets.xcassets; sourceTree = "<group>"; };
		ABBAB7AA25DBA7CF00C171F8 /* Preview Assets.xcassets */ = {isa = PBXFileReference; lastKnownFileType = folder.assetcatalog; path = "Preview Assets.xcassets"; sourceTree = "<group>"; };
		ABBAB7AC25DBA7CF00C171F8 /* Info.plist */ = {isa = PBXFileReference; lastKnownFileType = text.plist.xml; path = Info.plist; sourceTree = "<group>"; };
		ABBAB7B125DBA7CF00C171F8 /* HackerNewsTests.xctest */ = {isa = PBXFileReference; explicitFileType = wrapper.cfbundle; includeInIndex = 0; path = HackerNewsTests.xctest; sourceTree = BUILT_PRODUCTS_DIR; };
		ABBAB7B525DBA7CF00C171F8 /* HackerNewsTests.swift */ = {isa = PBXFileReference; lastKnownFileType = sourcecode.swift; path = HackerNewsTests.swift; sourceTree = "<group>"; };
		ABBAB7B725DBA7CF00C171F8 /* Info.plist */ = {isa = PBXFileReference; lastKnownFileType = text.plist.xml; path = Info.plist; sourceTree = "<group>"; };
		ABBAB7BC25DBA7CF00C171F8 /* HackerNewsUITests.xctest */ = {isa = PBXFileReference; explicitFileType = wrapper.cfbundle; includeInIndex = 0; path = HackerNewsUITests.xctest; sourceTree = BUILT_PRODUCTS_DIR; };
		ABBAB7C025DBA7CF00C171F8 /* HackerNewsUITests.swift */ = {isa = PBXFileReference; lastKnownFileType = sourcecode.swift; path = HackerNewsUITests.swift; sourceTree = "<group>"; };
		ABBAB7C225DBA7CF00C171F8 /* Info.plist */ = {isa = PBXFileReference; lastKnownFileType = text.plist.xml; path = Info.plist; sourceTree = "<group>"; };
/* End PBXFileReference section */

/* Begin PBXFrameworksBuildPhase section */
		ABBAB79D25DBA7CE00C171F8 /* Frameworks */ = {
			isa = PBXFrameworksBuildPhase;
			buildActionMask = 2147483647;
			files = (
			);
			runOnlyForDeploymentPostprocessing = 0;
		};
		ABBAB7AE25DBA7CF00C171F8 /* Frameworks */ = {
			isa = PBXFrameworksBuildPhase;
			buildActionMask = 2147483647;
			files = (
			);
			runOnlyForDeploymentPostprocessing = 0;
		};
		ABBAB7B925DBA7CF00C171F8 /* Frameworks */ = {
			isa = PBXFrameworksBuildPhase;
			buildActionMask = 2147483647;
			files = (
			);
			runOnlyForDeploymentPostprocessing = 0;
		};
/* End PBXFrameworksBuildPhase section */

/* Begin PBXGroup section */
		ABBAB79725DBA7CE00C171F8 = {
			isa = PBXGroup;
			children = (
				ABBAB7A225DBA7CE00C171F8 /* HackerNews */,
				ABBAB7B425DBA7CF00C171F8 /* HackerNewsTests */,
				ABBAB7BF25DBA7CF00C171F8 /* HackerNewsUITests */,
				ABBAB7A125DBA7CE00C171F8 /* Products */,
			);
			sourceTree = "<group>";
		};
		ABBAB7A125DBA7CE00C171F8 /* Products */ = {
			isa = PBXGroup;
			children = (
				ABBAB7A025DBA7CE00C171F8 /* HackerNews.app */,
				ABBAB7B125DBA7CF00C171F8 /* HackerNewsTests.xctest */,
				ABBAB7BC25DBA7CF00C171F8 /* HackerNewsUITests.xctest */,
			);
			name = Products;
			sourceTree = "<group>";
		};
		ABBAB7A225DBA7CE00C171F8 /* HackerNews */ = {
			isa = PBXGroup;
			children = (
				ABBAB7A325DBA7CE00C171F8 /* HackerNewsApp.swift */,
				ABBAB7A525DBA7CE00C171F8 /* ContentView.swift */,
				ABBAB7A725DBA7CF00C171F8 /* Assets.xcassets */,
				ABBAB7AC25DBA7CF00C171F8 /* Info.plist */,
				ABBAB7A925DBA7CF00C171F8 /* Preview Content */,
			);
			path = HackerNews;
			sourceTree = "<group>";
		};
		ABBAB7A925DBA7CF00C171F8 /* Preview Content */ = {
			isa = PBXGroup;
			children = (
				ABBAB7AA25DBA7CF00C171F8 /* Preview Assets.xcassets */,
			);
			path = "Preview Content";
			sourceTree = "<group>";
		};
		ABBAB7B425DBA7CF00C171F8 /* HackerNewsTests */ = {
			isa = PBXGroup;
			children = (
				ABBAB7B525DBA7CF00C171F8 /* HackerNewsTests.swift */,
				ABBAB7B725DBA7CF00C171F8 /* Info.plist */,
			);
			path = HackerNewsTests;
			sourceTree = "<group>";
		};
		ABBAB7BF25DBA7CF00C171F8 /* HackerNewsUITests */ = {
			isa = PBXGroup;
			children = (
				ABBAB7C025DBA7CF00C171F8 /* HackerNewsUITests.swift */,
				ABBAB7C225DBA7CF00C171F8 /* Info.plist */,
			);
			path = HackerNewsUITests;
			sourceTree = "<group>";
		};
/* End PBXGroup section */

/* Begin PBXNativeTarget section */
		ABBAB79F25DBA7CE00C171F8 /* HackerNews */ = {
			isa = PBXNativeTarget;
			buildConfigurationList = ABBAB7C525DBA7CF00C171F8 /* Build configuration list for PBXNativeTarget "HackerNews" */;
			buildPhases = (
				ABBAB79C25DBA7CE00C171F8 /* Sources */,
				ABBAB79D25DBA7CE00C171F8 /* Frameworks */,
				ABBAB79E25DBA7CE00C171F8 /* Resources */,
			);
			buildRules = (
			);
			dependencies = (
			);
			name = HackerNews;
			productName = HackerNews;
			productReference = ABBAB7A025DBA7CE00C171F8 /* HackerNews.app */;
			productType = "com.apple.product-type.application";
		};
		ABBAB7B025DBA7CF00C171F8 /* HackerNewsTests */ = {
			isa = PBXNativeTarget;
			buildConfigurationList = ABBAB7C825DBA7CF00C171F8 /* Build configuration list for PBXNativeTarget "HackerNewsTests" */;
			buildPhases = (
				ABBAB7AD25DBA7CF00C171F8 /* Sources */,
				ABBAB7AE25DBA7CF00C171F8 /* Frameworks */,
				ABBAB7AF25DBA7CF00C171F8 /* Resources */,
			);
			buildRules = (
			);
			dependencies = (
				ABBAB7B325DBA7CF00C171F8 /* PBXTargetDependency */,
			);
			name = HackerNewsTests;
			productName = HackerNewsTests;
			productReference = ABBAB7B125DBA7CF00C171F8 /* HackerNewsTests.xctest */;
			productType = "com.apple.product-type.bundle.unit-test";
		};
		ABBAB7BB25DBA7CF00C171F8 /* HackerNewsUITests */ = {
			isa = PBXNativeTarget;
			buildConfigurationList = ABBAB7CB25DBA7CF00C171F8 /* Build configuration list for PBXNativeTarget "HackerNewsUITests" */;
			buildPhases = (
				ABBAB7B825DBA7CF00C171F8 /* Sources */,
				ABBAB7B925DBA7CF00C171F8 /* Frameworks */,
				ABBAB7BA25DBA7CF00C171F8 /* Resources */,
			);
			buildRules = (
			);
			dependencies = (
				ABBAB7BE25DBA7CF00C171F8 /* PBXTargetDependency */,
			);
			name = HackerNewsUITests;
			productName = HackerNewsUITests;
			productReference = ABBAB7BC25DBA7CF00C171F8 /* HackerNewsUITests.xctest */;
			productType = "com.apple.product-type.bundle.ui-testing";
		};
/* End PBXNativeTarget section */

/* Begin PBXProject section */
		ABBAB79825DBA7CE00C171F8 /* Project object */ = {
			isa = PBXProject;
			attributes = {
				LastSwiftUpdateCheck = 1240;
				LastUpgradeCheck = 1240;
				TargetAttributes = {
					ABBAB79F25DBA7CE00C171F8 = {
						CreatedOnToolsVersion = 12.4;
					};
					ABBAB7B025DBA7CF00C171F8 = {
						CreatedOnToolsVersion = 12.4;
						TestTargetID = ABBAB79F25DBA7CE00C171F8;
					};
					ABBAB7BB25DBA7CF00C171F8 = {
						CreatedOnToolsVersion = 12.4;
						TestTargetID = ABBAB79F25DBA7CE00C171F8;
					};
				};
			};
			buildConfigurationList = ABBAB79B25DBA7CE00C171F8 /* Build configuration list for PBXProject "HackerNews" */;
			compatibilityVersion = "Xcode 9.3";
			developmentRegion = en;
			hasScannedForEncodings = 0;
			knownRegions = (
				en,
				Base,
			);
			mainGroup = ABBAB79725DBA7CE00C171F8;
			productRefGroup = ABBAB7A125DBA7CE00C171F8 /* Products */;
			projectDirPath = "";
			projectRoot = "";
			targets = (
				ABBAB79F25DBA7CE00C171F8 /* HackerNews */,
				ABBAB7B025DBA7CF00C171F8 /* HackerNewsTests */,
				ABBAB7BB25DBA7CF00C171F8 /* HackerNewsUITests */,
			);
		};
/* End PBXProject section */

/* Begin PBXResourcesBuildPhase section */
		ABBAB79E25DBA7CE00C171F8 /* Resources */ = {
			isa = PBXResourcesBuildPhase;
			buildActionMask = 2147483647;
			files = (
				ABBAB7AB25DBA7CF00C171F8 /* Preview Assets.xcassets in Resources */,
				ABBAB7A825DBA7CF00C171F8 /* Assets.xcassets in Resources */,
			);
			runOnlyForDeploymentPostprocessing = 0;
		};
		ABBAB7AF25DBA7CF00C171F8 /* Resources */ = {
			isa = PBXResourcesBuildPhase;
			buildActionMask = 2147483647;
			files = (
			);
			runOnlyForDeploymentPostprocessing = 0;
		};
		ABBAB7BA25DBA7CF00C171F8 /* Resources */ = {
			isa = PBXResourcesBuildPhase;
			buildActionMask = 2147483647;
			files = (
			);
			runOnlyForDeploymentPostprocessing = 0;
		};
/* End PBXResourcesBuildPhase section */

/* Begin PBXSourcesBuildPhase section */
		ABBAB79C25DBA7CE00C171F8 /* Sources */ = {
			isa = PBXSourcesBuildPhase;
			buildActionMask = 2147483647;
			files = (
				ABBAB7A625DBA7CE00C171F8 /* ContentView.swift in Sources */,
				ABBAB7A425DBA7CE00C171F8 /* HackerNewsApp.swift in Sources */,
			);
			runOnlyForDeploymentPostprocessing = 0;
		};
		ABBAB7AD25DBA7CF00C171F8 /* Sources */ = {
			isa = PBXSourcesBuildPhase;
			buildActionMask = 2147483647;
			files = (
				ABBAB7B625DBA7CF00C171F8 /* HackerNewsTests.swift in Sources */,
			);
			runOnlyForDeploymentPostprocessing = 0;
		};
		ABBAB7B825DBA7CF00C171F8 /* Sources */ = {
			isa = PBXSourcesBuildPhase;
			buildActionMask = 2147483647;
			files = (
				ABBAB7C125DBA7CF00C171F8 /* HackerNewsUITests.swift in Sources */,
			);
			runOnlyForDeploymentPostprocessing = 0;
		};
/* End PBXSourcesBuildPhase section */

/* Begin PBXTargetDependency section */
		ABBAB7B325DBA7CF00C171F8 /* PBXTargetDependency */ = {
			isa = PBXTargetDependency;
			target = ABBAB79F25DBA7CE00C171F8 /* HackerNews */;
			targetProxy = ABBAB7B225DBA7CF00C171F8 /* PBXContainerItemProxy */;
		};
		ABBAB7BE25DBA7CF00C171F8 /* PBXTargetDependency */ = {
			isa = PBXTargetDependency;
			target = ABBAB79F25DBA7CE00C171F8 /* HackerNews */;
			targetProxy = ABBAB7BD25DBA7CF00C171F8 /* PBXContainerItemProxy */;
		};
/* End PBXTargetDependency section */

/* Begin XCBuildConfiguration section */
		ABBAB7C325DBA7CF00C171F8 /* Debug */ = {
			isa = XCBuildConfiguration;
			buildSettings = {
				ALWAYS_SEARCH_USER_PATHS = NO;
				CLANG_ANALYZER_NONNULL = YES;
				CLANG_ANALYZER_NUMBER_OBJECT_CONVERSION = YES_AGGRESSIVE;
				CLANG_CXX_LANGUAGE_STANDARD = "gnu++14";
				CLANG_CXX_LIBRARY = "libc++";
				CLANG_ENABLE_MODULES = YES;
				CLANG_ENABLE_OBJC_ARC = YES;
				CLANG_ENABLE_OBJC_WEAK = YES;
				CLANG_WARN_BLOCK_CAPTURE_AUTORELEASING = YES;
				CLANG_WARN_BOOL_CONVERSION = YES;
				CLANG_WARN_COMMA = YES;
				CLANG_WARN_CONSTANT_CONVERSION = YES;
				CLANG_WARN_DEPRECATED_OBJC_IMPLEMENTATIONS = YES;
				CLANG_WARN_DIRECT_OBJC_ISA_USAGE = YES_ERROR;
				CLANG_WARN_DOCUMENTATION_COMMENTS = YES;
				CLANG_WARN_EMPTY_BODY = YES;
				CLANG_WARN_ENUM_CONVERSION = YES;
				CLANG_WARN_INFINITE_RECURSION = YES;
				CLANG_WARN_INT_CONVERSION = YES;
				CLANG_WARN_NON_LITERAL_NULL_CONVERSION = YES;
				CLANG_WARN_OBJC_IMPLICIT_RETAIN_SELF = YES;
				CLANG_WARN_OBJC_LITERAL_CONVERSION = YES;
				CLANG_WARN_OBJC_ROOT_CLASS = YES_ERROR;
				CLANG_WARN_QUOTED_INCLUDE_IN_FRAMEWORK_HEADER = YES;
				CLANG_WARN_RANGE_LOOP_ANALYSIS = YES;
				CLANG_WARN_STRICT_PROTOTYPES = YES;
				CLANG_WARN_SUSPICIOUS_MOVE = YES;
				CLANG_WARN_UNGUARDED_AVAILABILITY = YES_AGGRESSIVE;
				CLANG_WARN_UNREACHABLE_CODE = YES;
				CLANG_WARN__DUPLICATE_METHOD_MATCH = YES;
				COPY_PHASE_STRIP = NO;
				DEBUG_INFORMATION_FORMAT = dwarf;
				ENABLE_STRICT_OBJC_MSGSEND = YES;
				ENABLE_TESTABILITY = YES;
				GCC_C_LANGUAGE_STANDARD = gnu11;
				GCC_DYNAMIC_NO_PIC = NO;
				GCC_NO_COMMON_BLOCKS = YES;
				GCC_OPTIMIZATION_LEVEL = 0;
				GCC_PREPROCESSOR_DEFINITIONS = (
					"DEBUG=1",
					"$(inherited)",
				);
				GCC_WARN_64_TO_32_BIT_CONVERSION = YES;
				GCC_WARN_ABOUT_RETURN_TYPE = YES_ERROR;
				GCC_WARN_UNDECLARED_SELECTOR = YES;
				GCC_WARN_UNINITIALIZED_AUTOS = YES_AGGRESSIVE;
				GCC_WARN_UNUSED_FUNCTION = YES;
				GCC_WARN_UNUSED_VARIABLE = YES;
				IPHONEOS_DEPLOYMENT_TARGET = 14.4;
				MTL_ENABLE_DEBUG_INFO = INCLUDE_SOURCE;
				MTL_FAST_MATH = YES;
				ONLY_ACTIVE_ARCH = YES;
				SDKROOT = iphoneos;
				SWIFT_ACTIVE_COMPILATION_CONDITIONS = DEBUG;
				SWIFT_OPTIMIZATION_LEVEL = "-Onone";
			};
			name = Debug;
		};
		ABBAB7C425DBA7CF00C171F8 /* Release */ = {
			isa = XCBuildConfiguration;
			buildSettings = {
				ALWAYS_SEARCH_USER_PATHS = NO;
				CLANG_ANALYZER_NONNULL = YES;
				CLANG_ANALYZER_NUMBER_OBJECT_CONVERSION = YES_AGGRESSIVE;
				CLANG_CXX_LANGUAGE_STANDARD = "gnu++14";
				CLANG_CXX_LIBRARY = "libc++";
				CLANG_ENABLE_MODULES = YES;
				CLANG_ENABLE_OBJC_ARC = YES;
				CLANG_ENABLE_OBJC_WEAK = YES;
				CLANG_WARN_BLOCK_CAPTURE_AUTORELEASING = YES;
				CLANG_WARN_BOOL_CONVERSION = YES;
				CLANG_WARN_COMMA = YES;
				CLANG_WARN_CONSTANT_CONVERSION = YES;
				CLANG_WARN_DEPRECATED_OBJC_IMPLEMENTATIONS = YES;
				CLANG_WARN_DIRECT_OBJC_ISA_USAGE = YES_ERROR;
				CLANG_WARN_DOCUMENTATION_COMMENTS = YES;
				CLANG_WARN_EMPTY_BODY = YES;
				CLANG_WARN_ENUM_CONVERSION = YES;
				CLANG_WARN_INFINITE_RECURSION = YES;
				CLANG_WARN_INT_CONVERSION = YES;
				CLANG_WARN_NON_LITERAL_NULL_CONVERSION = YES;
				CLANG_WARN_OBJC_IMPLICIT_RETAIN_SELF = YES;
				CLANG_WARN_OBJC_LITERAL_CONVERSION = YES;
				CLANG_WARN_OBJC_ROOT_CLASS = YES_ERROR;
				CLANG_WARN_QUOTED_INCLUDE_IN_FRAMEWORK_HEADER = YES;
				CLANG_WARN_RANGE_LOOP_ANALYSIS = YES;
				CLANG_WARN_STRICT_PROTOTYPES = YES;
				CLANG_WARN_SUSPICIOUS_MOVE = YES;
				CLANG_WARN_UNGUARDED_AVAILABILITY = YES_AGGRESSIVE;
				CLANG_WARN_UNREACHABLE_CODE = YES;
				CLANG_WARN__DUPLICATE_METHOD_MATCH = YES;
				COPY_PHASE_STRIP = NO;
				DEBUG_INFORMATION_FORMAT = "dwarf-with-dsym";
				ENABLE_NS_ASSERTIONS = NO;
				ENABLE_STRICT_OBJC_MSGSEND = YES;
				GCC_C_LANGUAGE_STANDARD = gnu11;
				GCC_NO_COMMON_BLOCKS = YES;
				GCC_WARN_64_TO_32_BIT_CONVERSION = YES;
				GCC_WARN_ABOUT_RETURN_TYPE = YES_ERROR;
				GCC_WARN_UNDECLARED_SELECTOR = YES;
				GCC_WARN_UNINITIALIZED_AUTOS = YES_AGGRESSIVE;
				GCC_WARN_UNUSED_FUNCTION = YES;
				GCC_WARN_UNUSED_VARIABLE = YES;
				IPHONEOS_DEPLOYMENT_TARGET = 14.4;
				MTL_ENABLE_DEBUG_INFO = NO;
				MTL_FAST_MATH = YES;
				SDKROOT = iphoneos;
				SWIFT_COMPILATION_MODE = wholemodule;
				SWIFT_OPTIMIZATION_LEVEL = "-O";
				VALIDATE_PRODUCT = YES;
			};
			name = Release;
		};
		ABBAB7C625DBA7CF00C171F8 /* Debug */ = {
			isa = XCBuildConfiguration;
			buildSettings = {
				ASSETCATALOG_COMPILER_APPICON_NAME = AppIcon;
				ASSETCATALOG_COMPILER_GLOBAL_ACCENT_COLOR_NAME = AccentColor;
				CODE_SIGN_STYLE = Automatic;
				DEVELOPMENT_ASSET_PATHS = "\"HackerNews/Preview Content\"";
				DEVELOPMENT_TEAM = MX73G22NH8;
				ENABLE_PREVIEWS = YES;
				INFOPLIST_FILE = HackerNews/Info.plist;
				IPHONEOS_DEPLOYMENT_TARGET = 14.0;
				LD_RUNPATH_SEARCH_PATHS = (
					"$(inherited)",
					"@executable_path/Frameworks",
				);
				PRODUCT_BUNDLE_IDENTIFIER = com.dsznajder.HackerNews;
				PRODUCT_NAME = "$(TARGET_NAME)";
				SWIFT_VERSION = 5.0;
				TARGETED_DEVICE_FAMILY = "1,2";
			};
			name = Debug;
		};
		ABBAB7C725DBA7CF00C171F8 /* Release */ = {
			isa = XCBuildConfiguration;
			buildSettings = {
				ASSETCATALOG_COMPILER_APPICON_NAME = AppIcon;
				ASSETCATALOG_COMPILER_GLOBAL_ACCENT_COLOR_NAME = AccentColor;
				CODE_SIGN_STYLE = Automatic;
				DEVELOPMENT_ASSET_PATHS = "\"HackerNews/Preview Content\"";
				DEVELOPMENT_TEAM = MX73G22NH8;
				ENABLE_PREVIEWS = YES;
				INFOPLIST_FILE = HackerNews/Info.plist;
				IPHONEOS_DEPLOYMENT_TARGET = 14.0;
				LD_RUNPATH_SEARCH_PATHS = (
					"$(inherited)",
					"@executable_path/Frameworks",
				);
				PRODUCT_BUNDLE_IDENTIFIER = com.dsznajder.HackerNews;
				PRODUCT_NAME = "$(TARGET_NAME)";
				SWIFT_VERSION = 5.0;
				TARGETED_DEVICE_FAMILY = "1,2";
			};
			name = Release;
		};
		ABBAB7C925DBA7CF00C171F8 /* Debug */ = {
			isa = XCBuildConfiguration;
			buildSettings = {
				ALWAYS_EMBED_SWIFT_STANDARD_LIBRARIES = YES;
				BUNDLE_LOADER = "$(TEST_HOST)";
				CODE_SIGN_STYLE = Automatic;
				DEVELOPMENT_TEAM = MX73G22NH8;
				INFOPLIST_FILE = HackerNewsTests/Info.plist;
				IPHONEOS_DEPLOYMENT_TARGET = 14.0;
				LD_RUNPATH_SEARCH_PATHS = (
					"$(inherited)",
					"@executable_path/Frameworks",
					"@loader_path/Frameworks",
				);
				PRODUCT_BUNDLE_IDENTIFIER = com.dsznajder.HackerNewsTests;
				PRODUCT_NAME = "$(TARGET_NAME)";
				SWIFT_VERSION = 5.0;
				TARGETED_DEVICE_FAMILY = "1,2";
				TEST_HOST = "$(BUILT_PRODUCTS_DIR)/HackerNews.app/HackerNews";
			};
			name = Debug;
		};
		ABBAB7CA25DBA7CF00C171F8 /* Release */ = {
			isa = XCBuildConfiguration;
			buildSettings = {
				ALWAYS_EMBED_SWIFT_STANDARD_LIBRARIES = YES;
				BUNDLE_LOADER = "$(TEST_HOST)";
				CODE_SIGN_STYLE = Automatic;
				DEVELOPMENT_TEAM = MX73G22NH8;
				INFOPLIST_FILE = HackerNewsTests/Info.plist;
				IPHONEOS_DEPLOYMENT_TARGET = 14.0;
				LD_RUNPATH_SEARCH_PATHS = (
					"$(inherited)",
					"@executable_path/Frameworks",
					"@loader_path/Frameworks",
				);
				PRODUCT_BUNDLE_IDENTIFIER = com.dsznajder.HackerNewsTests;
				PRODUCT_NAME = "$(TARGET_NAME)";
				SWIFT_VERSION = 5.0;
				TARGETED_DEVICE_FAMILY = "1,2";
				TEST_HOST = "$(BUILT_PRODUCTS_DIR)/HackerNews.app/HackerNews";
			};
			name = Release;
		};
		ABBAB7CC25DBA7CF00C171F8 /* Debug */ = {
			isa = XCBuildConfiguration;
			buildSettings = {
				ALWAYS_EMBED_SWIFT_STANDARD_LIBRARIES = YES;
				CODE_SIGN_STYLE = Automatic;
				DEVELOPMENT_TEAM = MX73G22NH8;
				INFOPLIST_FILE = HackerNewsUITests/Info.plist;
				LD_RUNPATH_SEARCH_PATHS = (
					"$(inherited)",
					"@executable_path/Frameworks",
					"@loader_path/Frameworks",
				);
				PRODUCT_BUNDLE_IDENTIFIER = com.dsznajder.HackerNewsUITests;
				PRODUCT_NAME = "$(TARGET_NAME)";
				SWIFT_VERSION = 5.0;
				TARGETED_DEVICE_FAMILY = "1,2";
				TEST_TARGET_NAME = HackerNews;
			};
			name = Debug;
		};
		ABBAB7CD25DBA7CF00C171F8 /* Release */ = {
			isa = XCBuildConfiguration;
			buildSettings = {
				ALWAYS_EMBED_SWIFT_STANDARD_LIBRARIES = YES;
				CODE_SIGN_STYLE = Automatic;
				DEVELOPMENT_TEAM = MX73G22NH8;
				INFOPLIST_FILE = HackerNewsUITests/Info.plist;
				LD_RUNPATH_SEARCH_PATHS = (
					"$(inherited)",
					"@executable_path/Frameworks",
					"@loader_path/Frameworks",
				);
				PRODUCT_BUNDLE_IDENTIFIER = com.dsznajder.HackerNewsUITests;
				PRODUCT_NAME = "$(TARGET_NAME)";
				SWIFT_VERSION = 5.0;
				TARGETED_DEVICE_FAMILY = "1,2";
				TEST_TARGET_NAME = HackerNews;
			};
			name = Release;
		};
/* End XCBuildConfiguration section */

/* Begin XCConfigurationList section */
		ABBAB79B25DBA7CE00C171F8 /* Build configuration list for PBXProject "HackerNews" */ = {
			isa = XCConfigurationList;
			buildConfigurations = (
				ABBAB7C325DBA7CF00C171F8 /* Debug */,
				ABBAB7C425DBA7CF00C171F8 /* Release */,
			);
			defaultConfigurationIsVisible = 0;
			defaultConfigurationName = Release;
		};
		ABBAB7C525DBA7CF00C171F8 /* Build configuration list for PBXNativeTarget "HackerNews" */ = {
			isa = XCConfigurationList;
			buildConfigurations = (
				ABBAB7C625DBA7CF00C171F8 /* Debug */,
				ABBAB7C725DBA7CF00C171F8 /* Release */,
			);
			defaultConfigurationIsVisible = 0;
			defaultConfigurationName = Release;
		};
		ABBAB7C825DBA7CF00C171F8 /* Build configuration list for PBXNativeTarget "HackerNewsTests" */ = {
			isa = XCConfigurationList;
			buildConfigurations = (
				ABBAB7C925DBA7CF00C171F8 /* Debug */,
				ABBAB7CA25DBA7CF00C171F8 /* Release */,
			);
			defaultConfigurationIsVisible = 0;
			defaultConfigurationName = Release;
		};
		ABBAB7CB25DBA7CF00C171F8 /* Build configuration list for PBXNativeTarget "HackerNewsUITests" */ = {
			isa = XCConfigurationList;
			buildConfigurations = (
				ABBAB7CC25DBA7CF00C171F8 /* Debug */,
				ABBAB7CD25DBA7CF00C171F8 /* Release */,
			);
			defaultConfigurationIsVisible = 0;
			defaultConfigurationName = Release;
		};
/* End XCConfigurationList section */
	};
	rootObject = ABBAB79825DBA7CE00C171F8 /* Project object */;
}
